
Microsoft Visual Studio Solution File, Format Version 12.00
# Visual Studio Version 17
VisualStudioVersion = 17.14.35906.104 d17.14
MinimumVisualStudioVersion = 10.0.40219.1
Project("{54A90642-561A-4BB1-A94E-469ADEE60C69}") = "ventas_inmuebles.client", "ventas_inmuebles.client\ventas_inmuebles.client.esproj", "{EE368926-A109-720F-C4CD-F69A5EC2C510}"
EndProject
Project("{FAE04EC0-301F-11D3-BF4B-00C04F79EFBC}") = "ventas_inmuebles.Server", "ventas_inmuebles.Server\ventas_inmuebles.Server.csproj", "{5E751F9C-AA23-4EBC-83B8-115E6B1284F4}"
EndProject
Global
	GlobalSection(SolutionConfigurationPlatforms) = preSolution
		Debug|Any CPU = Debug|Any CPU
		Release|Any CPU = Release|Any CPU
	EndGlobalSection
	GlobalSection(ProjectConfigurationPlatforms) = postSolution
		{EE368926-A109-720F-C4CD-F69A5EC2C510}.Debug|Any CPU.ActiveCfg = Debug|Any CPU
		{EE368926-A109-720F-C4CD-F69A5EC2C510}.Debug|Any CPU.Build.0 = Debug|Any CPU
		{EE368926-A109-720F-C4CD-F69A5EC2C510}.Debug|Any CPU.Deploy.0 = Debug|Any CPU
		{EE368926-A109-720F-C4CD-F69A5EC2C510}.Release|Any CPU.ActiveCfg = Release|Any CPU
		{EE368926-A109-720F-C4CD-F69A5EC2C510}.Release|Any CPU.Build.0 = Release|Any CPU
		{EE368926-A109-720F-C4CD-F69A5EC2C510}.Release|Any CPU.Deploy.0 = Release|Any CPU
		{5E751F9C-AA23-4EBC-83B8-115E6B1284F4}.Debug|Any CPU.ActiveCfg = Debug|Any CPU
		{5E751F9C-AA23-4EBC-83B8-115E6B1284F4}.Debug|Any CPU.Build.0 = Debug|Any CPU
		{5E751F9C-AA23-4EBC-83B8-115E6B1284F4}.Release|Any CPU.ActiveCfg = Release|Any CPU
		{5E751F9C-AA23-4EBC-83B8-115E6B1284F4}.Release|Any CPU.Build.0 = Release|Any CPU
	EndGlobalSection
	GlobalSection(SolutionProperties) = preSolution
		HideSolutionNode = FALSE
	EndGlobalSection
	GlobalSection(ExtensibilityGlobals) = postSolution
		SolutionGuid = {33AA8897-F1A2-4930-B176-EFC29C651750}
	EndGlobalSection
EndGlobal
